<Solution>
  <Folder Name="/src/">
    <Project Path="src/PersonPhone.Api/PersonPhone.Api.csproj" />
    <Project Path="src/PersonPhone.Domain/PersonPhone.Domain.csproj" />
    <Project Path="src/PersonPhone.Infrastructure/PersonPhone.Infrastructure.csproj" />
  </Folder>
  <Folder Name="/tests/">
    <Project Path="tests/PersonPhone.Domain.UnitTests/PersonPhone.Domain.UnitTests.csproj" />
  </Folder>
</Solution>
